
Microsoft Visual Studio Solution File, Format Version 12.00
# Visual Studio Version 17
VisualStudioVersion = 17.3.32825.248
MinimumVisualStudioVersion = 10.0.40219.1
Project("{FAE04EC0-301F-11D3-BF4B-00C04F79EFBC}") = "Palinedrome", "Palinedrome\Palinedrome.csproj", "{BCAD0C9D-668C-4CE7-B31A-0D3D6722002A}"
EndProject
Global
	GlobalSection(SolutionConfigurationPlatforms) = preSolution
		Debug|Any CPU = Debug|Any CPU
		Release|Any CPU = Release|Any CPU
	EndGlobalSection
	GlobalSection(ProjectConfigurationPlatforms) = postSolution
		{BCAD0C9D-668C-4CE7-B31A-0D3D6722002A}.Debug|Any CPU.ActiveCfg = Debug|Any CPU
		{BCAD0C9D-668C-4CE7-B31A-0D3D6722002A}.Debug|Any CPU.Build.0 = Debug|Any CPU
		{BCAD0C9D-668C-4CE7-B31A-0D3D6722002A}.Release|Any CPU.ActiveCfg = Release|Any CPU
		{BCAD0C9D-668C-4CE7-B31A-0D3D6722002A}.Release|Any CPU.Build.0 = Release|Any CPU
	EndGlobalSection
	GlobalSection(SolutionProperties) = preSolution
		HideSolutionNode = FALSE
	EndGlobalSection
	GlobalSection(ExtensibilityGlobals) = postSolution
		SolutionGuid = {1DE38C64-EA5A-46E2-9A94-4E8843BD10D9}
	EndGlobalSection
EndGlobal
