
Microsoft Visual Studio Solution File, Format Version 12.00
# Visual Studio Version 17
VisualStudioVersion = 17.3.32825.248
MinimumVisualStudioVersion = 10.0.40219.1
Project("{FAE04EC0-301F-11D3-BF4B-00C04F79EFBC}") = "ConsoleApp00", "ConsoleApp00\ConsoleApp00.csproj", "{49F16227-C153-4AFE-AB8F-F504E7163B7A}"
EndProject
Global
	GlobalSection(SolutionConfigurationPlatforms) = preSolution
		Debug|Any CPU = Debug|Any CPU
		Release|Any CPU = Release|Any CPU
	EndGlobalSection
	GlobalSection(ProjectConfigurationPlatforms) = postSolution
		{49F16227-C153-4AFE-AB8F-F504E7163B7A}.Debug|Any CPU.ActiveCfg = Debug|Any CPU
		{49F16227-C153-4AFE-AB8F-F504E7163B7A}.Debug|Any CPU.Build.0 = Debug|Any CPU
		{49F16227-C153-4AFE-AB8F-F504E7163B7A}.Release|Any CPU.ActiveCfg = Release|Any CPU
		{49F16227-C153-4AFE-AB8F-F504E7163B7A}.Release|Any CPU.Build.0 = Release|Any CPU
	EndGlobalSection
	GlobalSection(SolutionProperties) = preSolution
		HideSolutionNode = FALSE
	EndGlobalSection
	GlobalSection(ExtensibilityGlobals) = postSolution
		SolutionGuid = {153A8BED-9E5E-43D2-8926-EFAA1E0EE4AB}
	EndGlobalSection
EndGlobal
