
Microsoft Visual Studio Solution File, Format Version 12.00
# Visual Studio Version 17
VisualStudioVersion = 17.4.33403.182
MinimumVisualStudioVersion = 10.0.40219.1
Project("{FAE04EC0-301F-11D3-BF4B-00C04F79EFBC}") = "TypePractice", "TypePractice\TypePractice.csproj", "{A6F041EF-10BA-47CB-9047-8D4DFD6BFF63}"
EndProject
Global
	GlobalSection(SolutionConfigurationPlatforms) = preSolution
		Debug|Any CPU = Debug|Any CPU
		Release|Any CPU = Release|Any CPU
	EndGlobalSection
	GlobalSection(ProjectConfigurationPlatforms) = postSolution
		{A6F041EF-10BA-47CB-9047-8D4DFD6BFF63}.Debug|Any CPU.ActiveCfg = Debug|Any CPU
		{A6F041EF-10BA-47CB-9047-8D4DFD6BFF63}.Debug|Any CPU.Build.0 = Debug|Any CPU
		{A6F041EF-10BA-47CB-9047-8D4DFD6BFF63}.Release|Any CPU.ActiveCfg = Release|Any CPU
		{A6F041EF-10BA-47CB-9047-8D4DFD6BFF63}.Release|Any CPU.Build.0 = Release|Any CPU
	EndGlobalSection
	GlobalSection(SolutionProperties) = preSolution
		HideSolutionNode = FALSE
	EndGlobalSection
	GlobalSection(ExtensibilityGlobals) = postSolution
		SolutionGuid = {E62A6F81-76D6-4684-B5FA-9F85A13DCAA8}
	EndGlobalSection
EndGlobal
