
Microsoft Visual Studio Solution File, Format Version 12.00
# Visual Studio Version 17
VisualStudioVersion = 17.5.33502.453
MinimumVisualStudioVersion = 10.0.40219.1
Project("{FAE04EC0-301F-11D3-BF4B-00C04F79EFBC}") = "OpenCollarShirtSale", "OpenCollarShirtSale.csproj", "{5BA64C6E-A731-420B-8F88-5C50CFF379F4}"
EndProject
Global
	GlobalSection(SolutionConfigurationPlatforms) = preSolution
		Debug|Any CPU = Debug|Any CPU
		Release|Any CPU = Release|Any CPU
	EndGlobalSection
	GlobalSection(ProjectConfigurationPlatforms) = postSolution
		{5BA64C6E-A731-420B-8F88-5C50CFF379F4}.Debug|Any CPU.ActiveCfg = Debug|Any CPU
		{5BA64C6E-A731-420B-8F88-5C50CFF379F4}.Debug|Any CPU.Build.0 = Debug|Any CPU
		{5BA64C6E-A731-420B-8F88-5C50CFF379F4}.Release|Any CPU.ActiveCfg = Release|Any CPU
		{5BA64C6E-A731-420B-8F88-5C50CFF379F4}.Release|Any CPU.Build.0 = Release|Any CPU
	EndGlobalSection
	GlobalSection(SolutionProperties) = preSolution
		HideSolutionNode = FALSE
	EndGlobalSection
	GlobalSection(ExtensibilityGlobals) = postSolution
		SolutionGuid = {679754F5-953C-451A-9244-83D4EB5BB634}
	EndGlobalSection
EndGlobal
