
Microsoft Visual Studio Solution File, Format Version 12.00
# Visual Studio Version 17
VisualStudioVersion = 17.5.33502.453
MinimumVisualStudioVersion = 10.0.40219.1
Project("{FAE04EC0-301F-11D3-BF4B-00C04F79EFBC}") = "DecisionTreee", "DecisionTreee.csproj", "{F2BBC5F3-13C1-4550-B43D-D143613F888F}"
EndProject
Global
	GlobalSection(SolutionConfigurationPlatforms) = preSolution
		Debug|Any CPU = Debug|Any CPU
		Release|Any CPU = Release|Any CPU
	EndGlobalSection
	GlobalSection(ProjectConfigurationPlatforms) = postSolution
		{F2BBC5F3-13C1-4550-B43D-D143613F888F}.Debug|Any CPU.ActiveCfg = Debug|Any CPU
		{F2BBC5F3-13C1-4550-B43D-D143613F888F}.Debug|Any CPU.Build.0 = Debug|Any CPU
		{F2BBC5F3-13C1-4550-B43D-D143613F888F}.Release|Any CPU.ActiveCfg = Release|Any CPU
		{F2BBC5F3-13C1-4550-B43D-D143613F888F}.Release|Any CPU.Build.0 = Release|Any CPU
	EndGlobalSection
	GlobalSection(SolutionProperties) = preSolution
		HideSolutionNode = FALSE
	EndGlobalSection
	GlobalSection(ExtensibilityGlobals) = postSolution
		SolutionGuid = {8F3D54D9-3655-4ECA-BA03-9B2F6DFDD678}
	EndGlobalSection
EndGlobal
